uuid: 24ef2802-cf1a-4650-9760-69a4497e9205
langcode: en
status: true
dependencies:
  module:
    - ausy_registration
  theme:
    - bartik
id: registrationcountblock
theme: bartik
region: content
weight: -3
provider: null
plugin: registration_count_block
settings:
  id: registration_count_block
  label: 'Registration count block'
  provider: ausy_registration
  label_display: '0'
visibility: {  }
